
Microsoft Visual Studio Solution File, Format Version 12.00
# Visual Studio 15
Project("{FAE04EC0-301F-11D3-BF4B-00C04F79EFBC}") = "Assembly-CSharp", "Assembly-CSharp.csproj", "{A6431897-6D74-8B24-D988-BE7730636F9F}"
EndProject
Project("{FAE04EC0-301F-11D3-BF4B-00C04F79EFBC}") = "Assembly-CSharp-firstpass", "Assembly-CSharp-firstpass.csproj", "{9449EF33-2774-4FA1-6466-82FEC8ADDBBC}"
EndProject
Project("{FAE04EC0-301F-11D3-BF4B-00C04F79EFBC}") = "Assembly-CSharp-Editor", "Assembly-CSharp-Editor.csproj", "{75A3F3FE-FB0A-597C-247E-52F47DDBE46D}"
EndProject
Global
	GlobalSection(SolutionConfigurationPlatforms) = preSolution
		Debug|Any CPU = Debug|Any CPU
		Release|Any CPU = Release|Any CPU
	EndGlobalSection
	GlobalSection(ProjectConfigurationPlatforms) = postSolution
		{A6431897-6D74-8B24-D988-BE7730636F9F}.Debug|Any CPU.ActiveCfg = Debug|Any CPU
		{A6431897-6D74-8B24-D988-BE7730636F9F}.Debug|Any CPU.Build.0 = Debug|Any CPU
		{A6431897-6D74-8B24-D988-BE7730636F9F}.Release|Any CPU.ActiveCfg = Release|Any CPU
		{A6431897-6D74-8B24-D988-BE7730636F9F}.Release|Any CPU.Build.0 = Release|Any CPU
		{9449EF33-2774-4FA1-6466-82FEC8ADDBBC}.Debug|Any CPU.ActiveCfg = Debug|Any CPU
		{9449EF33-2774-4FA1-6466-82FEC8ADDBBC}.Debug|Any CPU.Build.0 = Debug|Any CPU
		{9449EF33-2774-4FA1-6466-82FEC8ADDBBC}.Release|Any CPU.ActiveCfg = Release|Any CPU
		{9449EF33-2774-4FA1-6466-82FEC8ADDBBC}.Release|Any CPU.Build.0 = Release|Any CPU
		{75A3F3FE-FB0A-597C-247E-52F47DDBE46D}.Debug|Any CPU.ActiveCfg = Debug|Any CPU
		{75A3F3FE-FB0A-597C-247E-52F47DDBE46D}.Debug|Any CPU.Build.0 = Debug|Any CPU
		{75A3F3FE-FB0A-597C-247E-52F47DDBE46D}.Release|Any CPU.ActiveCfg = Release|Any CPU
		{75A3F3FE-FB0A-597C-247E-52F47DDBE46D}.Release|Any CPU.Build.0 = Release|Any CPU
	EndGlobalSection
	GlobalSection(SolutionProperties) = preSolution
		HideSolutionNode = FALSE
	EndGlobalSection
EndGlobal
